
Microsoft Visual Studio Solution File, Format Version 12.00
# Visual Studio Version 17
VisualStudioVersion = 17.14.36310.24
MinimumVisualStudioVersion = 10.0.40219.1
Project("{FAE04EC0-301F-11D3-BF4B-00C04F79EFBC}") = "NextJS1", "NextJS1.csproj", "{07A950E9-D87A-4FDA-893A-19240C6BFE51}"
EndProject
Project("{54A90642-561A-4BB1-A94E-469ADEE60C69}") = "NextClientApp", "..\NodeClient\NextClientApp.esproj", "{D0916398-7D1D-4E91-D799-7C3F1458460B}"
EndProject
Project("{2150E333-8FDC-42A3-9474-1A3956D46DE8}") = "FullStackSolution", "FullStackSolution", "{8EC462FD-D22E-90A8-E5CE-7E832BA40C5D}"
	ProjectSection(SolutionItems) = preProject
		..\Repository\README.md = ..\Repository\README.md
	EndProjectSection
EndProject
Global
	GlobalSection(SolutionConfigurationPlatforms) = preSolution
		Debug|Any CPU = Debug|Any CPU
		Debug|x64 = Debug|x64
		Debug|x86 = Debug|x86
		Release|Any CPU = Release|Any CPU
		Release|x64 = Release|x64
		Release|x86 = Release|x86
	EndGlobalSection
	GlobalSection(ProjectConfigurationPlatforms) = postSolution
		{07A950E9-D87A-4FDA-893A-19240C6BFE51}.Debug|Any CPU.ActiveCfg = Debug|Any CPU
		{07A950E9-D87A-4FDA-893A-19240C6BFE51}.Debug|Any CPU.Build.0 = Debug|Any CPU
		{07A950E9-D87A-4FDA-893A-19240C6BFE51}.Debug|x64.ActiveCfg = Debug|Any CPU
		{07A950E9-D87A-4FDA-893A-19240C6BFE51}.Debug|x64.Build.0 = Debug|Any CPU
		{07A950E9-D87A-4FDA-893A-19240C6BFE51}.Debug|x86.ActiveCfg = Debug|Any CPU
		{07A950E9-D87A-4FDA-893A-19240C6BFE51}.Debug|x86.Build.0 = Debug|Any CPU
		{07A950E9-D87A-4FDA-893A-19240C6BFE51}.Release|Any CPU.ActiveCfg = Release|Any CPU
		{07A950E9-D87A-4FDA-893A-19240C6BFE51}.Release|Any CPU.Build.0 = Release|Any CPU
		{07A950E9-D87A-4FDA-893A-19240C6BFE51}.Release|x64.ActiveCfg = Release|Any CPU
		{07A950E9-D87A-4FDA-893A-19240C6BFE51}.Release|x64.Build.0 = Release|Any CPU
		{07A950E9-D87A-4FDA-893A-19240C6BFE51}.Release|x86.ActiveCfg = Release|Any CPU
		{07A950E9-D87A-4FDA-893A-19240C6BFE51}.Release|x86.Build.0 = Release|Any CPU
		{D0916398-7D1D-4E91-D799-7C3F1458460B}.Debug|Any CPU.ActiveCfg = Debug|Any CPU
		{D0916398-7D1D-4E91-D799-7C3F1458460B}.Debug|Any CPU.Build.0 = Debug|Any CPU
		{D0916398-7D1D-4E91-D799-7C3F1458460B}.Debug|Any CPU.Deploy.0 = Debug|Any CPU
		{D0916398-7D1D-4E91-D799-7C3F1458460B}.Debug|x64.ActiveCfg = Debug|Any CPU
		{D0916398-7D1D-4E91-D799-7C3F1458460B}.Debug|x64.Build.0 = Debug|Any CPU
		{D0916398-7D1D-4E91-D799-7C3F1458460B}.Debug|x64.Deploy.0 = Debug|Any CPU
		{D0916398-7D1D-4E91-D799-7C3F1458460B}.Debug|x86.ActiveCfg = Debug|Any CPU
		{D0916398-7D1D-4E91-D799-7C3F1458460B}.Debug|x86.Build.0 = Debug|Any CPU
		{D0916398-7D1D-4E91-D799-7C3F1458460B}.Debug|x86.Deploy.0 = Debug|Any CPU
		{D0916398-7D1D-4E91-D799-7C3F1458460B}.Release|Any CPU.ActiveCfg = Release|Any CPU
		{D0916398-7D1D-4E91-D799-7C3F1458460B}.Release|Any CPU.Build.0 = Release|Any CPU
		{D0916398-7D1D-4E91-D799-7C3F1458460B}.Release|Any CPU.Deploy.0 = Release|Any CPU
		{D0916398-7D1D-4E91-D799-7C3F1458460B}.Release|x64.ActiveCfg = Release|Any CPU
		{D0916398-7D1D-4E91-D799-7C3F1458460B}.Release|x64.Build.0 = Release|Any CPU
		{D0916398-7D1D-4E91-D799-7C3F1458460B}.Release|x64.Deploy.0 = Release|Any CPU
		{D0916398-7D1D-4E91-D799-7C3F1458460B}.Release|x86.ActiveCfg = Release|Any CPU
		{D0916398-7D1D-4E91-D799-7C3F1458460B}.Release|x86.Build.0 = Release|Any CPU
		{D0916398-7D1D-4E91-D799-7C3F1458460B}.Release|x86.Deploy.0 = Release|Any CPU
	EndGlobalSection
	GlobalSection(SolutionProperties) = preSolution
		HideSolutionNode = FALSE
	EndGlobalSection
	GlobalSection(ExtensibilityGlobals) = postSolution
		SolutionGuid = {4417B754-1D84-4086-8179-C138CE59C625}
	EndGlobalSection
EndGlobal
